
Microsoft Visual Studio Solution File, Format Version 12.00
# Visual Studio Version 17
VisualStudioVersion = 17.3.32929.385
MinimumVisualStudioVersion = 10.0.40219.1
Project("{FAE04EC0-301F-11D3-BF4B-00C04F79EFBC}") = "SignalRCodeDemo", "SignalRCodeDemo\SignalRCodeDemo.csproj", "{6583E30B-B0D4-4DD5-A5DF-B0CAB0992BAC}"
EndProject
Global
	GlobalSection(SolutionConfigurationPlatforms) = preSolution
		Debug|Any CPU = Debug|Any CPU
		Release|Any CPU = Release|Any CPU
	EndGlobalSection
	GlobalSection(ProjectConfigurationPlatforms) = postSolution
		{6583E30B-B0D4-4DD5-A5DF-B0CAB0992BAC}.Debug|Any CPU.ActiveCfg = Debug|Any CPU
		{6583E30B-B0D4-4DD5-A5DF-B0CAB0992BAC}.Debug|Any CPU.Build.0 = Debug|Any CPU
		{6583E30B-B0D4-4DD5-A5DF-B0CAB0992BAC}.Release|Any CPU.ActiveCfg = Release|Any CPU
		{6583E30B-B0D4-4DD5-A5DF-B0CAB0992BAC}.Release|Any CPU.Build.0 = Release|Any CPU
	EndGlobalSection
	GlobalSection(SolutionProperties) = preSolution
		HideSolutionNode = FALSE
	EndGlobalSection
	GlobalSection(ExtensibilityGlobals) = postSolution
		SolutionGuid = {9FEFB303-7A64-459B-9F9E-04CB04A8E897}
	EndGlobalSection
EndGlobal
